
Microsoft Visual Studio Solution File, Format Version 11.00
# Visual Studio 2010
Project("{FAE04EC0-301F-11D3-BF4B-00C04F79EFBC}") = "Assembly-CSharp", "Assembly-CSharp.csproj", "{B1E49384-60EB-F400-1BD6-038B493D301C}"
EndProject
Project("{FAE04EC0-301F-11D3-BF4B-00C04F79EFBC}") = "Assembly-CSharp-firstpass", "Assembly-CSharp-firstpass.csproj", "{8D705AA4-9D61-3E45-05EA-A31A38FECB2F}"
EndProject
Project("{FAE04EC0-301F-11D3-BF4B-00C04F79EFBC}") = "Assembly-CSharp-Editor-firstpass", "Assembly-CSharp-Editor-firstpass.csproj", "{DF5C676C-4768-C3E7-BA06-0BF26FBE313F}"
EndProject
Global
	GlobalSection(SolutionConfigurationPlatforms) = preSolution
		Debug|Any CPU = Debug|Any CPU
		Release|Any CPU = Release|Any CPU
	EndGlobalSection
	GlobalSection(ProjectConfigurationPlatforms) = postSolution
		{B1E49384-60EB-F400-1BD6-038B493D301C}.Debug|Any CPU.ActiveCfg = Debug|Any CPU
		{B1E49384-60EB-F400-1BD6-038B493D301C}.Debug|Any CPU.Build.0 = Debug|Any CPU
		{B1E49384-60EB-F400-1BD6-038B493D301C}.Release|Any CPU.ActiveCfg = Release|Any CPU
		{B1E49384-60EB-F400-1BD6-038B493D301C}.Release|Any CPU.Build.0 = Release|Any CPU
		{8D705AA4-9D61-3E45-05EA-A31A38FECB2F}.Debug|Any CPU.ActiveCfg = Debug|Any CPU
		{8D705AA4-9D61-3E45-05EA-A31A38FECB2F}.Debug|Any CPU.Build.0 = Debug|Any CPU
		{8D705AA4-9D61-3E45-05EA-A31A38FECB2F}.Release|Any CPU.ActiveCfg = Release|Any CPU
		{8D705AA4-9D61-3E45-05EA-A31A38FECB2F}.Release|Any CPU.Build.0 = Release|Any CPU
		{DF5C676C-4768-C3E7-BA06-0BF26FBE313F}.Debug|Any CPU.ActiveCfg = Debug|Any CPU
		{DF5C676C-4768-C3E7-BA06-0BF26FBE313F}.Debug|Any CPU.Build.0 = Debug|Any CPU
		{DF5C676C-4768-C3E7-BA06-0BF26FBE313F}.Release|Any CPU.ActiveCfg = Release|Any CPU
		{DF5C676C-4768-C3E7-BA06-0BF26FBE313F}.Release|Any CPU.Build.0 = Release|Any CPU
	EndGlobalSection
	GlobalSection(SolutionProperties) = preSolution
		HideSolutionNode = FALSE
	EndGlobalSection
	GlobalSection(MonoDevelopProperties) = preSolution
		StartupItem = Assembly-CSharp.csproj
	EndGlobalSection
EndGlobal
